
Microsoft Visual Studio Solution File, Format Version 12.00
# Visual Studio Version 17
VisualStudioVersion = 17.3.32922.545
MinimumVisualStudioVersion = 10.0.40219.1
Project("{9A19103F-16F7-4668-BE54-9A1E7A4F7556}") = "Fridge.API", "Fridge.API\Fridge.API.csproj", "{1C202476-42B9-43B3-899A-998103AC0627}"
EndProject
Project("{9A19103F-16F7-4668-BE54-9A1E7A4F7556}") = "Entities", "Entities\Entities.csproj", "{2FDBACE5-84ED-4E0E-99E1-4FD3AAB220D5}"
EndProject
Project("{9A19103F-16F7-4668-BE54-9A1E7A4F7556}") = "Contracts", "Contracts\Contracts.csproj", "{D36294C8-EE9D-4054-B2DD-03321DBD833E}"
EndProject
Project("{9A19103F-16F7-4668-BE54-9A1E7A4F7556}") = "Repository", "Repository\Repository.csproj", "{BE0FD70C-AC87-4C7B-8CDE-F60516718857}"
EndProject
Project("{FAE04EC0-301F-11D3-BF4B-00C04F79EFBC}") = "LoggerService", "LoggerService,\LoggerService.csproj", "{3C21CAF7-9C50-4E37-BF74-8FCF13DB30EE}"
EndProject
Project("{FAE04EC0-301F-11D3-BF4B-00C04F79EFBC}") = "Fridge.API.Tests", "Fridge.API.Tests\Fridge.API.Tests.csproj", "{05C25DCD-A964-4DF1-A2D4-A63077883C2C}"
EndProject
Global
	GlobalSection(SolutionConfigurationPlatforms) = preSolution
		Debug|Any CPU = Debug|Any CPU
		Release|Any CPU = Release|Any CPU
	EndGlobalSection
	GlobalSection(ProjectConfigurationPlatforms) = postSolution
		{1C202476-42B9-43B3-899A-998103AC0627}.Debug|Any CPU.ActiveCfg = Debug|Any CPU
		{1C202476-42B9-43B3-899A-998103AC0627}.Debug|Any CPU.Build.0 = Debug|Any CPU
		{1C202476-42B9-43B3-899A-998103AC0627}.Release|Any CPU.ActiveCfg = Release|Any CPU
		{1C202476-42B9-43B3-899A-998103AC0627}.Release|Any CPU.Build.0 = Release|Any CPU
		{2FDBACE5-84ED-4E0E-99E1-4FD3AAB220D5}.Debug|Any CPU.ActiveCfg = Debug|Any CPU
		{2FDBACE5-84ED-4E0E-99E1-4FD3AAB220D5}.Debug|Any CPU.Build.0 = Debug|Any CPU
		{2FDBACE5-84ED-4E0E-99E1-4FD3AAB220D5}.Release|Any CPU.ActiveCfg = Release|Any CPU
		{2FDBACE5-84ED-4E0E-99E1-4FD3AAB220D5}.Release|Any CPU.Build.0 = Release|Any CPU
		{D36294C8-EE9D-4054-B2DD-03321DBD833E}.Debug|Any CPU.ActiveCfg = Debug|Any CPU
		{D36294C8-EE9D-4054-B2DD-03321DBD833E}.Debug|Any CPU.Build.0 = Debug|Any CPU
		{D36294C8-EE9D-4054-B2DD-03321DBD833E}.Release|Any CPU.ActiveCfg = Release|Any CPU
		{D36294C8-EE9D-4054-B2DD-03321DBD833E}.Release|Any CPU.Build.0 = Release|Any CPU
		{BE0FD70C-AC87-4C7B-8CDE-F60516718857}.Debug|Any CPU.ActiveCfg = Debug|Any CPU
		{BE0FD70C-AC87-4C7B-8CDE-F60516718857}.Debug|Any CPU.Build.0 = Debug|Any CPU
		{BE0FD70C-AC87-4C7B-8CDE-F60516718857}.Release|Any CPU.ActiveCfg = Release|Any CPU
		{BE0FD70C-AC87-4C7B-8CDE-F60516718857}.Release|Any CPU.Build.0 = Release|Any CPU
		{3C21CAF7-9C50-4E37-BF74-8FCF13DB30EE}.Debug|Any CPU.ActiveCfg = Debug|Any CPU
		{3C21CAF7-9C50-4E37-BF74-8FCF13DB30EE}.Debug|Any CPU.Build.0 = Debug|Any CPU
		{3C21CAF7-9C50-4E37-BF74-8FCF13DB30EE}.Release|Any CPU.ActiveCfg = Release|Any CPU
		{3C21CAF7-9C50-4E37-BF74-8FCF13DB30EE}.Release|Any CPU.Build.0 = Release|Any CPU
		{05C25DCD-A964-4DF1-A2D4-A63077883C2C}.Debug|Any CPU.ActiveCfg = Debug|Any CPU
		{05C25DCD-A964-4DF1-A2D4-A63077883C2C}.Debug|Any CPU.Build.0 = Debug|Any CPU
		{05C25DCD-A964-4DF1-A2D4-A63077883C2C}.Release|Any CPU.ActiveCfg = Release|Any CPU
		{05C25DCD-A964-4DF1-A2D4-A63077883C2C}.Release|Any CPU.Build.0 = Release|Any CPU
	EndGlobalSection
	GlobalSection(SolutionProperties) = preSolution
		HideSolutionNode = FALSE
	EndGlobalSection
	GlobalSection(ExtensibilityGlobals) = postSolution
		SolutionGuid = {4193CD58-6DF4-42B8-BA87-79A1947BB2D7}
	EndGlobalSection
EndGlobal
